// !$*UTF8*$!
{
	archiveVersion = 1;
	classes = {
	};
	objectVersion = 56;
	objects = {

/* Begin PBXBuildFile section */
		AB97B6122906B2C300F143AC /* AppDelegate.swift in Sources */ = {isa = PBXBuildFile; fileRef = AB97B6112906B2C300F143AC /* AppDelegate.swift */; };
		AB97B6142906B2C300F143AC /* SceneDelegate.swift in Sources */ = {isa = PBXBuildFile; fileRef = AB97B6132906B2C300F143AC /* SceneDelegate.swift */; };
		AB97B6162906B2C300F143AC /* ViewController.swift in Sources */ = {isa = PBXBuildFile; fileRef = AB97B6152906B2C300F143AC /* ViewController.swift */; };
		AB97B6192906B2C300F143AC /* Main.storyboard in Resources */ = {isa = PBXBuildFile; fileRef = AB97B6172906B2C300F143AC /* Main.storyboard */; };
		AB97B61C2906B2C300F143AC /* DailyExpenseTracker.xcdatamodeld in Sources */ = {isa = PBXBuildFile; fileRef = AB97B61A2906B2C300F143AC /* DailyExpenseTracker.xcdatamodeld */; };
		AB97B61E2906B2C600F143AC /* Assets.xcassets in Resources */ = {isa = PBXBuildFile; fileRef = AB97B61D2906B2C600F143AC /* Assets.xcassets */; };
		AB97B6212906B2C600F143AC /* LaunchScreen.storyboard in Resources */ = {isa = PBXBuildFile; fileRef = AB97B61F2906B2C600F143AC /* LaunchScreen.storyboard */; };
		AB97B62B2906BBF300F143AC /* BaseViewController.swift in Sources */ = {isa = PBXBuildFile; fileRef = AB97B62A2906BBF300F143AC /* BaseViewController.swift */; };
		AB97B62D2906BC0D00F143AC /* SignInViewController.swift in Sources */ = {isa = PBXBuildFile; fileRef = AB97B62C2906BC0D00F143AC /* SignInViewController.swift */; };
/* End PBXBuildFile section */

/* Begin PBXFileReference section */
		AB97B60E2906B2C300F143AC /* DailyExpenseTracker.app */ = {isa = PBXFileReference; explicitFileType = wrapper.application; includeInIndex = 0; path = DailyExpenseTracker.app; sourceTree = BUILT_PRODUCTS_DIR; };
		AB97B6112906B2C300F143AC /* AppDelegate.swift */ = {isa = PBXFileReference; lastKnownFileType = sourcecode.swift; path = AppDelegate.swift; sourceTree = "<group>"; };
		AB97B6132906B2C300F143AC /* SceneDelegate.swift */ = {isa = PBXFileReference; lastKnownFileType = sourcecode.swift; path = SceneDelegate.swift; sourceTree = "<group>"; };
		AB97B6152906B2C300F143AC /* ViewController.swift */ = {isa = PBXFileReference; lastKnownFileType = sourcecode.swift; path = ViewController.swift; sourceTree = "<group>"; };
		AB97B6182906B2C300F143AC /* Base */ = {isa = PBXFileReference; lastKnownFileType = file.storyboard; name = Base; path = Base.lproj/Main.storyboard; sourceTree = "<group>"; };
		AB97B61B2906B2C300F143AC /* DailyExpenseTracker.xcdatamodel */ = {isa = PBXFileReference; lastKnownFileType = wrapper.xcdatamodel; path = DailyExpenseTracker.xcdatamodel; sourceTree = "<group>"; };
		AB97B61D2906B2C600F143AC /* Assets.xcassets */ = {isa = PBXFileReference; lastKnownFileType = folder.assetcatalog; path = Assets.xcassets; sourceTree = "<group>"; };
		AB97B6202906B2C600F143AC /* Base */ = {isa = PBXFileReference; lastKnownFileType = file.storyboard; name = Base; path = Base.lproj/LaunchScreen.storyboard; sourceTree = "<group>"; };
		AB97B6222906B2C600F143AC /* Info.plist */ = {isa = PBXFileReference; lastKnownFileType = text.plist.xml; path = Info.plist; sourceTree = "<group>"; };
		AB97B6282906B65600F143AC /* DailyExpenseTracker.entitlements */ = {isa = PBXFileReference; lastKnownFileType = text.plist.entitlements; path = DailyExpenseTracker.entitlements; sourceTree = "<group>"; };
		AB97B62A2906BBF300F143AC /* BaseViewController.swift */ = {isa = PBXFileReference; lastKnownFileType = sourcecode.swift; path = BaseViewController.swift; sourceTree = "<group>"; };
		AB97B62C2906BC0D00F143AC /* SignInViewController.swift */ = {isa = PBXFileReference; lastKnownFileType = sourcecode.swift; path = SignInViewController.swift; sourceTree = "<group>"; };
/* End PBXFileReference section */

/* Begin PBXFrameworksBuildPhase section */
		AB97B60B2906B2C300F143AC /* Frameworks */ = {
			isa = PBXFrameworksBuildPhase;
			buildActionMask = 2147483647;
			files = (
			);
			runOnlyForDeploymentPostprocessing = 0;
		};
/* End PBXFrameworksBuildPhase section */

/* Begin PBXGroup section */
		AB97B6052906B2C200F143AC = {
			isa = PBXGroup;
			children = (
				AB97B6102906B2C300F143AC /* DailyExpenseTracker */,
				AB97B60F2906B2C300F143AC /* Products */,
			);
			sourceTree = "<group>";
		};
		AB97B60F2906B2C300F143AC /* Products */ = {
			isa = PBXGroup;
			children = (
				AB97B60E2906B2C300F143AC /* DailyExpenseTracker.app */,
			);
			name = Products;
			sourceTree = "<group>";
		};
		AB97B6102906B2C300F143AC /* DailyExpenseTracker */ = {
			isa = PBXGroup;
			children = (
				AB97B6292906BBC400F143AC /* Auth */,
				AB97B6282906B65600F143AC /* DailyExpenseTracker.entitlements */,
				AB97B6112906B2C300F143AC /* AppDelegate.swift */,
				AB97B6132906B2C300F143AC /* SceneDelegate.swift */,
				AB97B6152906B2C300F143AC /* ViewController.swift */,
				AB97B6172906B2C300F143AC /* Main.storyboard */,
				AB97B61D2906B2C600F143AC /* Assets.xcassets */,
				AB97B61F2906B2C600F143AC /* LaunchScreen.storyboard */,
				AB97B6222906B2C600F143AC /* Info.plist */,
				AB97B61A2906B2C300F143AC /* DailyExpenseTracker.xcdatamodeld */,
			);
			path = DailyExpenseTracker;
			sourceTree = "<group>";
		};
		AB97B6292906BBC400F143AC /* Auth */ = {
			isa = PBXGroup;
			children = (
				AB97B62A2906BBF300F143AC /* BaseViewController.swift */,
				AB97B62C2906BC0D00F143AC /* SignInViewController.swift */,
			);
			path = Auth;
			sourceTree = "<group>";
		};
/* End PBXGroup section */

/* Begin PBXNativeTarget section */
		AB97B60D2906B2C300F143AC /* DailyExpenseTracker */ = {
			isa = PBXNativeTarget;
			buildConfigurationList = AB97B6252906B2C600F143AC /* Build configuration list for PBXNativeTarget "DailyExpenseTracker" */;
			buildPhases = (
				AB97B60A2906B2C300F143AC /* Sources */,
				AB97B60B2906B2C300F143AC /* Frameworks */,
				AB97B60C2906B2C300F143AC /* Resources */,
			);
			buildRules = (
			);
			dependencies = (
			);
			name = DailyExpenseTracker;
			productName = DailyExpenseTracker;
			productReference = AB97B60E2906B2C300F143AC /* DailyExpenseTracker.app */;
			productType = "com.apple.product-type.application";
		};
/* End PBXNativeTarget section */

/* Begin PBXProject section */
		AB97B6062906B2C200F143AC /* Project object */ = {
			isa = PBXProject;
			attributes = {
				BuildIndependentTargetsInParallel = 1;
				LastSwiftUpdateCheck = 1400;
				LastUpgradeCheck = 1400;
				TargetAttributes = {
					AB97B60D2906B2C300F143AC = {
						CreatedOnToolsVersion = 14.0.1;
					};
				};
			};
			buildConfigurationList = AB97B6092906B2C200F143AC /* Build configuration list for PBXProject "DailyExpenseTracker" */;
			compatibilityVersion = "Xcode 14.0";
			developmentRegion = en;
			hasScannedForEncodings = 0;
			knownRegions = (
				en,
				Base,
			);
			mainGroup = AB97B6052906B2C200F143AC;
			productRefGroup = AB97B60F2906B2C300F143AC /* Products */;
			projectDirPath = "";
			projectRoot = "";
			targets = (
				AB97B60D2906B2C300F143AC /* DailyExpenseTracker */,
			);
		};
/* End PBXProject section */

/* Begin PBXResourcesBuildPhase section */
		AB97B60C2906B2C300F143AC /* Resources */ = {
			isa = PBXResourcesBuildPhase;
			buildActionMask = 2147483647;
			files = (
				AB97B6212906B2C600F143AC /* LaunchScreen.storyboard in Resources */,
				AB97B61E2906B2C600F143AC /* Assets.xcassets in Resources */,
				AB97B6192906B2C300F143AC /* Main.storyboard in Resources */,
			);
			runOnlyForDeploymentPostprocessing = 0;
		};
/* End PBXResourcesBuildPhase section */

/* Begin PBXSourcesBuildPhase section */
		AB97B60A2906B2C300F143AC /* Sources */ = {
			isa = PBXSourcesBuildPhase;
			buildActionMask = 2147483647;
			files = (
				AB97B62B2906BBF300F143AC /* BaseViewController.swift in Sources */,
				AB97B6162906B2C300F143AC /* ViewController.swift in Sources */,
				AB97B62D2906BC0D00F143AC /* SignInViewController.swift in Sources */,
				AB97B6122906B2C300F143AC /* AppDelegate.swift in Sources */,
				AB97B61C2906B2C300F143AC /* DailyExpenseTracker.xcdatamodeld in Sources */,
				AB97B6142906B2C300F143AC /* SceneDelegate.swift in Sources */,
			);
			runOnlyForDeploymentPostprocessing = 0;
		};
/* End PBXSourcesBuildPhase section */

/* Begin PBXVariantGroup section */
		AB97B6172906B2C300F143AC /* Main.storyboard */ = {
			isa = PBXVariantGroup;
			children = (
				AB97B6182906B2C300F143AC /* Base */,
			);
			name = Main.storyboard;
			sourceTree = "<group>";
		};
		AB97B61F2906B2C600F143AC /* LaunchScreen.storyboard */ = {
			isa = PBXVariantGroup;
			children = (
				AB97B6202906B2C600F143AC /* Base */,
			);
			name = LaunchScreen.storyboard;
			sourceTree = "<group>";
		};
/* End PBXVariantGroup section */

/* Begin XCBuildConfiguration section */
		AB97B6232906B2C600F143AC /* Debug */ = {
			isa = XCBuildConfiguration;
			buildSettings = {
				ALWAYS_SEARCH_USER_PATHS = NO;
				CLANG_ANALYZER_NONNULL = YES;
				CLANG_ANALYZER_NUMBER_OBJECT_CONVERSION = YES_AGGRESSIVE;
				CLANG_CXX_LANGUAGE_STANDARD = "gnu++20";
				CLANG_ENABLE_MODULES = YES;
				CLANG_ENABLE_OBJC_ARC = YES;
				CLANG_ENABLE_OBJC_WEAK = YES;
				CLANG_WARN_BLOCK_CAPTURE_AUTORELEASING = YES;
				CLANG_WARN_BOOL_CONVERSION = YES;
				CLANG_WARN_COMMA = YES;
				CLANG_WARN_CONSTANT_CONVERSION = YES;
				CLANG_WARN_DEPRECATED_OBJC_IMPLEMENTATIONS = YES;
				CLANG_WARN_DIRECT_OBJC_ISA_USAGE = YES_ERROR;
				CLANG_WARN_DOCUMENTATION_COMMENTS = YES;
				CLANG_WARN_EMPTY_BODY = YES;
				CLANG_WARN_ENUM_CONVERSION = YES;
				CLANG_WARN_INFINITE_RECURSION = YES;
				CLANG_WARN_INT_CONVERSION = YES;
				CLANG_WARN_NON_LITERAL_NULL_CONVERSION = YES;
				CLANG_WARN_OBJC_IMPLICIT_RETAIN_SELF = YES;
				CLANG_WARN_OBJC_LITERAL_CONVERSION = YES;
				CLANG_WARN_OBJC_ROOT_CLASS = YES_ERROR;
				CLANG_WARN_QUOTED_INCLUDE_IN_FRAMEWORK_HEADER = YES;
				CLANG_WARN_RANGE_LOOP_ANALYSIS = YES;
				CLANG_WARN_STRICT_PROTOTYPES = YES;
				CLANG_WARN_SUSPICIOUS_MOVE = YES;
				CLANG_WARN_UNGUARDED_AVAILABILITY = YES_AGGRESSIVE;
				CLANG_WARN_UNREACHABLE_CODE = YES;
				CLANG_WARN__DUPLICATE_METHOD_MATCH = YES;
				COPY_PHASE_STRIP = NO;
				DEBUG_INFORMATION_FORMAT = dwarf;
				ENABLE_STRICT_OBJC_MSGSEND = YES;
				ENABLE_TESTABILITY = YES;
				GCC_C_LANGUAGE_STANDARD = gnu11;
				GCC_DYNAMIC_NO_PIC = NO;
				GCC_NO_COMMON_BLOCKS = YES;
				GCC_OPTIMIZATION_LEVEL = 0;
				GCC_PREPROCESSOR_DEFINITIONS = (
					"DEBUG=1",
					"$(inherited)",
				);
				GCC_WARN_64_TO_32_BIT_CONVERSION = YES;
				GCC_WARN_ABOUT_RETURN_TYPE = YES_ERROR;
				GCC_WARN_UNDECLARED_SELECTOR = YES;
				GCC_WARN_UNINITIALIZED_AUTOS = YES_AGGRESSIVE;
				GCC_WARN_UNUSED_FUNCTION = YES;
				GCC_WARN_UNUSED_VARIABLE = YES;
				IPHONEOS_DEPLOYMENT_TARGET = 16.0;
				MTL_ENABLE_DEBUG_INFO = INCLUDE_SOURCE;
				MTL_FAST_MATH = YES;
				ONLY_ACTIVE_ARCH = YES;
				SDKROOT = iphoneos;
				SWIFT_ACTIVE_COMPILATION_CONDITIONS = DEBUG;
				SWIFT_OPTIMIZATION_LEVEL = "-Onone";
			};
			name = Debug;
		};
		AB97B6242906B2C600F143AC /* Release */ = {
			isa = XCBuildConfiguration;
			buildSettings = {
				ALWAYS_SEARCH_USER_PATHS = NO;
				CLANG_ANALYZER_NONNULL = YES;
				CLANG_ANALYZER_NUMBER_OBJECT_CONVERSION = YES_AGGRESSIVE;
				CLANG_CXX_LANGUAGE_STANDARD = "gnu++20";
				CLANG_ENABLE_MODULES = YES;
				CLANG_ENABLE_OBJC_ARC = YES;
				CLANG_ENABLE_OBJC_WEAK = YES;
				CLANG_WARN_BLOCK_CAPTURE_AUTORELEASING = YES;
				CLANG_WARN_BOOL_CONVERSION = YES;
				CLANG_WARN_COMMA = YES;
				CLANG_WARN_CONSTANT_CONVERSION = YES;
				CLANG_WARN_DEPRECATED_OBJC_IMPLEMENTATIONS = YES;
				CLANG_WARN_DIRECT_OBJC_ISA_USAGE = YES_ERROR;
				CLANG_WARN_DOCUMENTATION_COMMENTS = YES;
				CLANG_WARN_EMPTY_BODY = YES;
				CLANG_WARN_ENUM_CONVERSION = YES;
				CLANG_WARN_INFINITE_RECURSION = YES;
				CLANG_WARN_INT_CONVERSION = YES;
				CLANG_WARN_NON_LITERAL_NULL_CONVERSION = YES;
				CLANG_WARN_OBJC_IMPLICIT_RETAIN_SELF = YES;
				CLANG_WARN_OBJC_LITERAL_CONVERSION = YES;
				CLANG_WARN_OBJC_ROOT_CLASS = YES_ERROR;
				CLANG_WARN_QUOTED_INCLUDE_IN_FRAMEWORK_HEADER = YES;
				CLANG_WARN_RANGE_LOOP_ANALYSIS = YES;
				CLANG_WARN_STRICT_PROTOTYPES = YES;
				CLANG_WARN_SUSPICIOUS_MOVE = YES;
				CLANG_WARN_UNGUARDED_AVAILABILITY = YES_AGGRESSIVE;
				CLANG_WARN_UNREACHABLE_CODE = YES;
				CLANG_WARN__DUPLICATE_METHOD_MATCH = YES;
				COPY_PHASE_STRIP = NO;
				DEBUG_INFORMATION_FORMAT = "dwarf-with-dsym";
				ENABLE_NS_ASSERTIONS = NO;
				ENABLE_STRICT_OBJC_MSGSEND = YES;
				GCC_C_LANGUAGE_STANDARD = gnu11;
				GCC_NO_COMMON_BLOCKS = YES;
				GCC_WARN_64_TO_32_BIT_CONVERSION = YES;
				GCC_WARN_ABOUT_RETURN_TYPE = YES_ERROR;
				GCC_WARN_UNDECLARED_SELECTOR = YES;
				GCC_WARN_UNINITIALIZED_AUTOS = YES_AGGRESSIVE;
				GCC_WARN_UNUSED_FUNCTION = YES;
				GCC_WARN_UNUSED_VARIABLE = YES;
				IPHONEOS_DEPLOYMENT_TARGET = 16.0;
				MTL_ENABLE_DEBUG_INFO = NO;
				MTL_FAST_MATH = YES;
				SDKROOT = iphoneos;
				SWIFT_COMPILATION_MODE = wholemodule;
				SWIFT_OPTIMIZATION_LEVEL = "-O";
				VALIDATE_PRODUCT = YES;
			};
			name = Release;
		};
		AB97B6262906B2C600F143AC /* Debug */ = {
			isa = XCBuildConfiguration;
			buildSettings = {
				ASSETCATALOG_COMPILER_APPICON_NAME = AppIcon;
				ASSETCATALOG_COMPILER_GLOBAL_ACCENT_COLOR_NAME = AccentColor;
				CODE_SIGN_ENTITLEMENTS = DailyExpenseTracker/DailyExpenseTracker.entitlements;
				CODE_SIGN_IDENTITY = "Apple Development";
				CODE_SIGN_STYLE = Automatic;
				CURRENT_PROJECT_VERSION = 1;
				DEVELOPMENT_TEAM = "";
				GENERATE_INFOPLIST_FILE = YES;
				INFOPLIST_FILE = DailyExpenseTracker/Info.plist;
				INFOPLIST_KEY_CFBundleDisplayName = "DE Tracker";
				INFOPLIST_KEY_LSApplicationCategoryType = "public.app-category.lifestyle";
				INFOPLIST_KEY_UIApplicationSupportsIndirectInputEvents = YES;
				INFOPLIST_KEY_UILaunchStoryboardName = LaunchScreen;
				INFOPLIST_KEY_UIMainStoryboardFile = Main;
				INFOPLIST_KEY_UIStatusBarStyle = "";
				INFOPLIST_KEY_UISupportedInterfaceOrientations_iPad = "UIInterfaceOrientationPortrait UIInterfaceOrientationPortraitUpsideDown UIInterfaceOrientationLandscapeLeft UIInterfaceOrientationLandscapeRight";
				INFOPLIST_KEY_UISupportedInterfaceOrientations_iPhone = "UIInterfaceOrientationPortrait UIInterfaceOrientationLandscapeLeft UIInterfaceOrientationLandscapeRight";
				IPHONEOS_DEPLOYMENT_TARGET = 15.0;
				LD_RUNPATH_SEARCH_PATHS = (
					"$(inherited)",
					"@executable_path/Frameworks",
				);
				MARKETING_VERSION = 1.0;
				PRODUCT_BUNDLE_IDENTIFIER = com.dcr.ios.detracking;
				PRODUCT_NAME = "$(TARGET_NAME)";
				PROVISIONING_PROFILE_SPECIFIER = "";
				SUPPORTED_PLATFORMS = "iphoneos iphonesimulator";
				SUPPORTS_MACCATALYST = NO;
				SUPPORTS_MAC_DESIGNED_FOR_IPHONE_IPAD = NO;
				SWIFT_EMIT_LOC_STRINGS = YES;
				SWIFT_VERSION = 5.0;
				TARGETED_DEVICE_FAMILY = "1,2";
			};
			name = Debug;
		};
		AB97B6272906B2C600F143AC /* Release */ = {
			isa = XCBuildConfiguration;
			buildSettings = {
				ASSETCATALOG_COMPILER_APPICON_NAME = AppIcon;
				ASSETCATALOG_COMPILER_GLOBAL_ACCENT_COLOR_NAME = AccentColor;
				CODE_SIGN_ENTITLEMENTS = DailyExpenseTracker/DailyExpenseTracker.entitlements;
				CODE_SIGN_IDENTITY = "Apple Development";
				CODE_SIGN_STYLE = Automatic;
				CURRENT_PROJECT_VERSION = 1;
				DEVELOPMENT_TEAM = "";
				GENERATE_INFOPLIST_FILE = YES;
				INFOPLIST_FILE = DailyExpenseTracker/Info.plist;
				INFOPLIST_KEY_CFBundleDisplayName = "DE Tracker";
				INFOPLIST_KEY_LSApplicationCategoryType = "public.app-category.lifestyle";
				INFOPLIST_KEY_UIApplicationSupportsIndirectInputEvents = YES;
				INFOPLIST_KEY_UILaunchStoryboardName = LaunchScreen;
				INFOPLIST_KEY_UIMainStoryboardFile = Main;
				INFOPLIST_KEY_UIStatusBarStyle = "";
				INFOPLIST_KEY_UISupportedInterfaceOrientations_iPad = "UIInterfaceOrientationPortrait UIInterfaceOrientationPortraitUpsideDown UIInterfaceOrientationLandscapeLeft UIInterfaceOrientationLandscapeRight";
				INFOPLIST_KEY_UISupportedInterfaceOrientations_iPhone = "UIInterfaceOrientationPortrait UIInterfaceOrientationLandscapeLeft UIInterfaceOrientationLandscapeRight";
				IPHONEOS_DEPLOYMENT_TARGET = 15.0;
				LD_RUNPATH_SEARCH_PATHS = (
					"$(inherited)",
					"@executable_path/Frameworks",
				);
				MARKETING_VERSION = 1.0;
				PRODUCT_BUNDLE_IDENTIFIER = com.dcr.ios.detracking;
				PRODUCT_NAME = "$(TARGET_NAME)";
				PROVISIONING_PROFILE_SPECIFIER = "";
				SUPPORTED_PLATFORMS = "iphoneos iphonesimulator";
				SUPPORTS_MACCATALYST = NO;
				SUPPORTS_MAC_DESIGNED_FOR_IPHONE_IPAD = NO;
				SWIFT_EMIT_LOC_STRINGS = YES;
				SWIFT_VERSION = 5.0;
				TARGETED_DEVICE_FAMILY = "1,2";
			};
			name = Release;
		};
/* End XCBuildConfiguration section */

/* Begin XCConfigurationList section */
		AB97B6092906B2C200F143AC /* Build configuration list for PBXProject "DailyExpenseTracker" */ = {
			isa = XCConfigurationList;
			buildConfigurations = (
				AB97B6232906B2C600F143AC /* Debug */,
				AB97B6242906B2C600F143AC /* Release */,
			);
			defaultConfigurationIsVisible = 0;
			defaultConfigurationName = Release;
		};
		AB97B6252906B2C600F143AC /* Build configuration list for PBXNativeTarget "DailyExpenseTracker" */ = {
			isa = XCConfigurationList;
			buildConfigurations = (
				AB97B6262906B2C600F143AC /* Debug */,
				AB97B6272906B2C600F143AC /* Release */,
			);
			defaultConfigurationIsVisible = 0;
			defaultConfigurationName = Release;
		};
/* End XCConfigurationList section */

/* Begin XCVersionGroup section */
		AB97B61A2906B2C300F143AC /* DailyExpenseTracker.xcdatamodeld */ = {
			isa = XCVersionGroup;
			children = (
				AB97B61B2906B2C300F143AC /* DailyExpenseTracker.xcdatamodel */,
			);
			currentVersion = AB97B61B2906B2C300F143AC /* DailyExpenseTracker.xcdatamodel */;
			path = DailyExpenseTracker.xcdatamodeld;
			sourceTree = "<group>";
			versionGroupType = wrapper.xcdatamodel;
		};
/* End XCVersionGroup section */
	};
	rootObject = AB97B6062906B2C200F143AC /* Project object */;
}
